PODS:
  - Bugly (2.4.8)
  - DMFunctionalUnit (1.0.2)
  - DMMacroDefinition (1.0.0)

DEPENDENCIES:
  - Bugly
  - DMFunctionalUnit (from `../GeraldRFord/DMFunctionalUnit`)
  - DMMacroDefinition (from `../GeraldRFord/DMMacroDefinition`)

EXTERNAL SOURCES:
  DMFunctionalUnit:
    :path: ../GeraldRFord/DMFunctionalUnit
  DMMacroDefinition:
    :path: ../GeraldRFord/DMMacroDefinition

SPEC CHECKSUMS:
  Bugly: da3c02408c14838d498429320545a8e439392978
  DMFunctionalUnit: f37c2f7b473c7dcfdce62ed2e834b5cce10136a3
  DMMacroDefinition: 9af89b04b916cb7392fcf890d57418e2a078260b

PODFILE CHECKSUM: ccf1fdcf0fbccf94975ea11bc81a695ddc51b6b0

COCOAPODS: 1.2.0
