// !$*UTF8*$!
{
	archiveVersion = 1;
	classes = {
	};
	objectVersion = 46;
	objects = {

/* Begin PBXBuildFile section */
		EB70D8091F0D036E008E8D96 /* main.m in Sources */ = {isa = PBXBuildFile; fileRef = EB70D8081F0D036E008E8D96 /* main.m */; };
		EB70D80C1F0D036E008E8D96 /* AppDelegate.m in Sources */ = {isa = PBXBuildFile; fileRef = EB70D80B1F0D036E008E8D96 /* AppDelegate.m */; };
		EB70D80F1F0D036E008E8D96 /* ViewController.m in Sources */ = {isa = PBXBuildFile; fileRef = EB70D80E1F0D036E008E8D96 /* ViewController.m */; };
		EB70D8121F0D036E008E8D96 /* Main.storyboard in Resources */ = {isa = PBXBuildFile; fileRef = EB70D8101F0D036E008E8D96 /* Main.storyboard */; };
		EB70D8141F0D036E008E8D96 /* Assets.xcassets in Resources */ = {isa = PBXBuildFile; fileRef = EB70D8131F0D036E008E8D96 /* Assets.xcassets */; };
		EB70D8171F0D036E008E8D96 /* LaunchScreen.storyboard in Resources */ = {isa = PBXBuildFile; fileRef = EB70D8151F0D036E008E8D96 /* LaunchScreen.storyboard */; };
/* End PBXBuildFile section */

/* Begin PBXFileReference section */
		EB70D8041F0D036E008E8D96 /* DMMacroDefinitionDemo.app */ = {isa = PBXFileReference; explicitFileType = wrapper.application; includeInIndex = 0; path = DMMacroDefinitionDemo.app; sourceTree = BUILT_PRODUCTS_DIR; };
		EB70D8081F0D036E008E8D96 /* main.m */ = {isa = PBXFileReference; lastKnownFileType = sourcecode.c.objc; path = main.m; sourceTree = "<group>"; };
		EB70D80A1F0D036E008E8D96 /* AppDelegate.h */ = {isa = PBXFileReference; lastKnownFileType = sourcecode.c.h; path = AppDelegate.h; sourceTree = "<group>"; };
		EB70D80B1F0D036E008E8D96 /* AppDelegate.m */ = {isa = PBXFileReference; lastKnownFileType = sourcecode.c.objc; path = AppDelegate.m; sourceTree = "<group>"; };
		EB70D80D1F0D036E008E8D96 /* ViewController.h */ = {isa = PBXFileReference; lastKnownFileType = sourcecode.c.h; path = ViewController.h; sourceTree = "<group>"; };
		EB70D80E1F0D036E008E8D96 /* ViewController.m */ = {isa = PBXFileReference; lastKnownFileType = sourcecode.c.objc; path = ViewController.m; sourceTree = "<group>"; };
		EB70D8111F0D036E008E8D96 /* Base */ = {isa = PBXFileReference; lastKnownFileType = file.storyboard; name = Base; path = Base.lproj/Main.storyboard; sourceTree = "<group>"; };
		EB70D8131F0D036E008E8D96 /* Assets.xcassets */ = {isa = PBXFileReference; lastKnownFileType = folder.assetcatalog; path = Assets.xcassets; sourceTree = "<group>"; };
		EB70D8161F0D036E008E8D96 /* Base */ = {isa = PBXFileReference; lastKnownFileType = file.storyboard; name = Base; path = Base.lproj/LaunchScreen.storyboard; sourceTree = "<group>"; };
		EB70D8181F0D036E008E8D96 /* Info.plist */ = {isa = PBXFileReference; lastKnownFileType = text.plist.xml; path = Info.plist; sourceTree = "<group>"; };
		EB70D81F1F0D03AD008E8D96 /* DMMacroDefinition.h */ = {isa = PBXFileReference; fileEncoding = 4; lastKnownFileType = sourcecode.c.h; path = DMMacroDefinition.h; sourceTree = "<group>"; };
/* End PBXFileReference section */

/* Begin PBXFrameworksBuildPhase section */
		EB70D8011F0D036E008E8D96 /* Frameworks */ = {
			isa = PBXFrameworksBuildPhase;
			buildActionMask = 2147483647;
			files = (
			);
			runOnlyForDeploymentPostprocessing = 0;
		};
/* End PBXFrameworksBuildPhase section */

/* Begin PBXGroup section */
		EB70D7FB1F0D036E008E8D96 = {
			isa = PBXGroup;
			children = (
				EB70D8061F0D036E008E8D96 /* DMMacroDefinitionDemo */,
				EB70D8051F0D036E008E8D96 /* Products */,
			);
			sourceTree = "<group>";
		};
		EB70D8051F0D036E008E8D96 /* Products */ = {
			isa = PBXGroup;
			children = (
				EB70D8041F0D036E008E8D96 /* DMMacroDefinitionDemo.app */,
			);
			name = Products;
			sourceTree = "<group>";
		};
		EB70D8061F0D036E008E8D96 /* DMMacroDefinitionDemo */ = {
			isa = PBXGroup;
			children = (
				EB70D81E1F0D039E008E8D96 /* DMMacroDefinition */,
				EB70D80A1F0D036E008E8D96 /* AppDelegate.h */,
				EB70D80B1F0D036E008E8D96 /* AppDelegate.m */,
				EB70D80D1F0D036E008E8D96 /* ViewController.h */,
				EB70D80E1F0D036E008E8D96 /* ViewController.m */,
				EB70D8101F0D036E008E8D96 /* Main.storyboard */,
				EB70D8131F0D036E008E8D96 /* Assets.xcassets */,
				EB70D8151F0D036E008E8D96 /* LaunchScreen.storyboard */,
				EB70D8181F0D036E008E8D96 /* Info.plist */,
				EB70D8071F0D036E008E8D96 /* Supporting Files */,
			);
			path = DMMacroDefinitionDemo;
			sourceTree = "<group>";
		};
		EB70D8071F0D036E008E8D96 /* Supporting Files */ = {
			isa = PBXGroup;
			children = (
				EB70D8081F0D036E008E8D96 /* main.m */,
			);
			name = "Supporting Files";
			sourceTree = "<group>";
		};
		EB70D81E1F0D039E008E8D96 /* DMMacroDefinition */ = {
			isa = PBXGroup;
			children = (
				EB70D81F1F0D03AD008E8D96 /* DMMacroDefinition.h */,
			);
			name = DMMacroDefinition;
			path = ../../DMMacroDefinition;
			sourceTree = "<group>";
		};
/* End PBXGroup section */

/* Begin PBXNativeTarget section */
		EB70D8031F0D036E008E8D96 /* DMMacroDefinitionDemo */ = {
			isa = PBXNativeTarget;
			buildConfigurationList = EB70D81B1F0D036E008E8D96 /* Build configuration list for PBXNativeTarget "DMMacroDefinitionDemo" */;
			buildPhases = (
				EB70D8001F0D036E008E8D96 /* Sources */,
				EB70D8011F0D036E008E8D96 /* Frameworks */,
				EB70D8021F0D036E008E8D96 /* Resources */,
			);
			buildRules = (
			);
			dependencies = (
			);
			name = DMMacroDefinitionDemo;
			productName = DMMacroDefinitionDemo;
			productReference = EB70D8041F0D036E008E8D96 /* DMMacroDefinitionDemo.app */;
			productType = "com.apple.product-type.application";
		};
/* End PBXNativeTarget section */

/* Begin PBXProject section */
		EB70D7FC1F0D036E008E8D96 /* Project object */ = {
			isa = PBXProject;
			attributes = {
				LastUpgradeCheck = 0830;
				ORGANIZATIONNAME = "YRHY Science and Technology (Beijing) Co., Ltd.";
				TargetAttributes = {
					EB70D8031F0D036E008E8D96 = {
						CreatedOnToolsVersion = 8.3.3;
						DevelopmentTeam = 3AHZ82SGX3;
						ProvisioningStyle = Automatic;
					};
				};
			};
			buildConfigurationList = EB70D7FF1F0D036E008E8D96 /* Build configuration list for PBXProject "DMMacroDefinitionDemo" */;
			compatibilityVersion = "Xcode 3.2";
			developmentRegion = English;
			hasScannedForEncodings = 0;
			knownRegions = (
				en,
				Base,
			);
			mainGroup = EB70D7FB1F0D036E008E8D96;
			productRefGroup = EB70D8051F0D036E008E8D96 /* Products */;
			projectDirPath = "";
			projectRoot = "";
			targets = (
				EB70D8031F0D036E008E8D96 /* DMMacroDefinitionDemo */,
			);
		};
/* End PBXProject section */

/* Begin PBXResourcesBuildPhase section */
		EB70D8021F0D036E008E8D96 /* Resources */ = {
			isa = PBXResourcesBuildPhase;
			buildActionMask = 2147483647;
			files = (
				EB70D8171F0D036E008E8D96 /* LaunchScreen.storyboard in Resources */,
				EB70D8141F0D036E008E8D96 /* Assets.xcassets in Resources */,
				EB70D8121F0D036E008E8D96 /* Main.storyboard in Resources */,
			);
			runOnlyForDeploymentPostprocessing = 0;
		};
/* End PBXResourcesBuildPhase section */

/* Begin PBXSourcesBuildPhase section */
		EB70D8001F0D036E008E8D96 /* Sources */ = {
			isa = PBXSourcesBuildPhase;
			buildActionMask = 2147483647;
			files = (
				EB70D80F1F0D036E008E8D96 /* ViewController.m in Sources */,
				EB70D80C1F0D036E008E8D96 /* AppDelegate.m in Sources */,
				EB70D8091F0D036E008E8D96 /* main.m in Sources */,
			);
			runOnlyForDeploymentPostprocessing = 0;
		};
/* End PBXSourcesBuildPhase section */

/* Begin PBXVariantGroup section */
		EB70D8101F0D036E008E8D96 /* Main.storyboard */ = {
			isa = PBXVariantGroup;
			children = (
				EB70D8111F0D036E008E8D96 /* Base */,
			);
			name = Main.storyboard;
			sourceTree = "<group>";
		};
		EB70D8151F0D036E008E8D96 /* LaunchScreen.storyboard */ = {
			isa = PBXVariantGroup;
			children = (
				EB70D8161F0D036E008E8D96 /* Base */,
			);
			name = LaunchScreen.storyboard;
			sourceTree = "<group>";
		};
/* End PBXVariantGroup section */

/* Begin XCBuildConfiguration section */
		EB70D8191F0D036E008E8D96 /* Debug */ = {
			isa = XCBuildConfiguration;
			buildSettings = {
				ALWAYS_SEARCH_USER_PATHS = NO;
				CLANG_ANALYZER_NONNULL = YES;
				CLANG_ANALYZER_NUMBER_OBJECT_CONVERSION = YES_AGGRESSIVE;
				CLANG_CXX_LANGUAGE_STANDARD = "gnu++0x";
				CLANG_CXX_LIBRARY = "libc++";
				CLANG_ENABLE_MODULES = YES;
				CLANG_ENABLE_OBJC_ARC = YES;
				CLANG_WARN_BOOL_CONVERSION = YES;
				CLANG_WARN_CONSTANT_CONVERSION = YES;
				CLANG_WARN_DIRECT_OBJC_ISA_USAGE = YES_ERROR;
				CLANG_WARN_DOCUMENTATION_COMMENTS = YES;
				CLANG_WARN_EMPTY_BODY = YES;
				CLANG_WARN_ENUM_CONVERSION = YES;
				CLANG_WARN_INFINITE_RECURSION = YES;
				CLANG_WARN_INT_CONVERSION = YES;
				CLANG_WARN_OBJC_ROOT_CLASS = YES_ERROR;
				CLANG_WARN_SUSPICIOUS_MOVE = YES;
				CLANG_WARN_UNREACHABLE_CODE = YES;
				CLANG_WARN__DUPLICATE_METHOD_MATCH = YES;
				"CODE_SIGN_IDENTITY[sdk=iphoneos*]" = "iPhone Developer";
				COPY_PHASE_STRIP = NO;
				DEBUG_INFORMATION_FORMAT = dwarf;
				ENABLE_STRICT_OBJC_MSGSEND = YES;
				ENABLE_TESTABILITY = YES;
				GCC_C_LANGUAGE_STANDARD = gnu99;
				GCC_DYNAMIC_NO_PIC = NO;
				GCC_NO_COMMON_BLOCKS = YES;
				GCC_OPTIMIZATION_LEVEL = 0;
				GCC_PREPROCESSOR_DEFINITIONS = (
					"DEBUG=1",
					"$(inherited)",
				);
				GCC_WARN_64_TO_32_BIT_CONVERSION = YES;
				GCC_WARN_ABOUT_RETURN_TYPE = YES_ERROR;
				GCC_WARN_UNDECLARED_SELECTOR = YES;
				GCC_WARN_UNINITIALIZED_AUTOS = YES_AGGRESSIVE;
				GCC_WARN_UNUSED_FUNCTION = YES;
				GCC_WARN_UNUSED_VARIABLE = YES;
				IPHONEOS_DEPLOYMENT_TARGET = 10.3;
				MTL_ENABLE_DEBUG_INFO = YES;
				ONLY_ACTIVE_ARCH = YES;
				SDKROOT = iphoneos;
			};
			name = Debug;
		};
		EB70D81A1F0D036E008E8D96 /* Release */ = {
			isa = XCBuildConfiguration;
			buildSettings = {
				ALWAYS_SEARCH_USER_PATHS = NO;
				CLANG_ANALYZER_NONNULL = YES;
				CLANG_ANALYZER_NUMBER_OBJECT_CONVERSION = YES_AGGRESSIVE;
				CLANG_CXX_LANGUAGE_STANDARD = "gnu++0x";
				CLANG_CXX_LIBRARY = "libc++";
				CLANG_ENABLE_MODULES = YES;
				CLANG_ENABLE_OBJC_ARC = YES;
				CLANG_WARN_BOOL_CONVERSION = YES;
				CLANG_WARN_CONSTANT_CONVERSION = YES;
				CLANG_WARN_DIRECT_OBJC_ISA_USAGE = YES_ERROR;
				CLANG_WARN_DOCUMENTATION_COMMENTS = YES;
				CLANG_WARN_EMPTY_BODY = YES;
				CLANG_WARN_ENUM_CONVERSION = YES;
				CLANG_WARN_INFINITE_RECURSION = YES;
				CLANG_WARN_INT_CONVERSION = YES;
				CLANG_WARN_OBJC_ROOT_CLASS = YES_ERROR;
				CLANG_WARN_SUSPICIOUS_MOVE = YES;
				CLANG_WARN_UNREACHABLE_CODE = YES;
				CLANG_WARN__DUPLICATE_METHOD_MATCH = YES;
				"CODE_SIGN_IDENTITY[sdk=iphoneos*]" = "iPhone Developer";
				COPY_PHASE_STRIP = NO;
				DEBUG_INFORMATION_FORMAT = "dwarf-with-dsym";
				ENABLE_NS_ASSERTIONS = NO;
				ENABLE_STRICT_OBJC_MSGSEND = YES;
				GCC_C_LANGUAGE_STANDARD = gnu99;
				GCC_NO_COMMON_BLOCKS = YES;
				GCC_WARN_64_TO_32_BIT_CONVERSION = YES;
				GCC_WARN_ABOUT_RETURN_TYPE = YES_ERROR;
				GCC_WARN_UNDECLARED_SELECTOR = YES;
				GCC_WARN_UNINITIALIZED_AUTOS = YES_AGGRESSIVE;
				GCC_WARN_UNUSED_FUNCTION = YES;
				GCC_WARN_UNUSED_VARIABLE = YES;
				IPHONEOS_DEPLOYMENT_TARGET = 10.3;
				MTL_ENABLE_DEBUG_INFO = NO;
				SDKROOT = iphoneos;
				VALIDATE_PRODUCT = YES;
			};
			name = Release;
		};
		EB70D81C1F0D036E008E8D96 /* Debug */ = {
			isa = XCBuildConfiguration;
			buildSettings = {
				ASSETCATALOG_COMPILER_APPICON_NAME = AppIcon;
				DEVELOPMENT_TEAM = 3AHZ82SGX3;
				INFOPLIST_FILE = DMMacroDefinitionDemo/Info.plist;
				IPHONEOS_DEPLOYMENT_TARGET = 7.0;
				LD_RUNPATH_SEARCH_PATHS = "$(inherited) @executable_path/Frameworks";
				PRODUCT_BUNDLE_IDENTIFIER = com.yrdgroup.DMMacroDefinitionDemo;
				PRODUCT_NAME = "$(TARGET_NAME)";
			};
			name = Debug;
		};
		EB70D81D1F0D036E008E8D96 /* Release */ = {
			isa = XCBuildConfiguration;
			buildSettings = {
				ASSETCATALOG_COMPILER_APPICON_NAME = AppIcon;
				DEVELOPMENT_TEAM = 3AHZ82SGX3;
				INFOPLIST_FILE = DMMacroDefinitionDemo/Info.plist;
				IPHONEOS_DEPLOYMENT_TARGET = 7.0;
				LD_RUNPATH_SEARCH_PATHS = "$(inherited) @executable_path/Frameworks";
				PRODUCT_BUNDLE_IDENTIFIER = com.yrdgroup.DMMacroDefinitionDemo;
				PRODUCT_NAME = "$(TARGET_NAME)";
			};
			name = Release;
		};
/* End XCBuildConfiguration section */

/* Begin XCConfigurationList section */
		EB70D7FF1F0D036E008E8D96 /* Build configuration list for PBXProject "DMMacroDefinitionDemo" */ = {
			isa = XCConfigurationList;
			buildConfigurations = (
				EB70D8191F0D036E008E8D96 /* Debug */,
				EB70D81A1F0D036E008E8D96 /* Release */,
			);
			defaultConfigurationIsVisible = 0;
			defaultConfigurationName = Release;
		};
		EB70D81B1F0D036E008E8D96 /* Build configuration list for PBXNativeTarget "DMMacroDefinitionDemo" */ = {
			isa = XCConfigurationList;
			buildConfigurations = (
				EB70D81C1F0D036E008E8D96 /* Debug */,
				EB70D81D1F0D036E008E8D96 /* Release */,
			);
			defaultConfigurationIsVisible = 0;
		};
/* End XCConfigurationList section */
	};
	rootObject = EB70D7FC1F0D036E008E8D96 /* Project object */;
}
